<?xml version="1.0" encoding="utf-8"?>
<Project ToolsVersion="4.0" xmlns="http://schemas.microsoft.com/developer/msbuild/2003">
  <ItemGroup>
    <Filter Include="Source Files">
      <UniqueIdentifier>{4FC737F1-C7A5-4376-A066-2A32D752A2FF}</UniqueIdentifier>
      <Extensions>cpp;c;cc;cxx;def;odl;idl;hpj;bat;asm;asmx</Extensions>
    </Filter>
    <Filter Include="Header Files">
      <UniqueIdentifier>{93995380-89BD-4b04-88EB-625FBE52EBFB}</UniqueIdentifier>
      <Extensions>h;hh;hpp;hxx;hm;inl;inc;ipp;xsd</Extensions>
    </Filter>
    <Filter Include="Resource Files">
      <UniqueIdentifier>{67DA6AB6-F800-4c08-8B7A-83BB121AAD01}</UniqueIdentifier>
      <Extensions>rc;ico;cur;bmp;dlg;rc2;rct;bin;rgs;gif;jpg;jpeg;jpe;resx;tiff;tif;png;wav;mfcribbon-ms</Extensions>
    </Filter>
    <Filter Include="Source Files\Engine">
      <UniqueIdentifier>{bafc4a59-4283-4899-a587-2411dcb66456}</UniqueIdentifier>
    </Filter>
    <Filter Include="Source Files\Library">
      <UniqueIdentifier>{9d49efb5-6ea5-4c86-9e47-1e505b8cdba4}</UniqueIdentifier>
    </Filter>
    <Filter Include="Source Files\Game">
      <UniqueIdentifier>{806eda14-736b-40e4-bebd-440ca25ccda0}</UniqueIdentifier>
    </Filter>
    <Filter Include="Header Files\Engine">
      <UniqueIdentifier>{d04bc69c-5ece-4fff-b872-543a7fabf8f4}</UniqueIdentifier>
    </Filter>
    <Filter Include="Header Files\Game">
      <UniqueIdentifier>{4997f533-def1-4f06-8c01-332065fb7acc}</UniqueIdentifier>
    </Filter>
    <Filter Include="Header Files\Library">
      <UniqueIdentifier>{d0505d78-6f20-4002-b2b1-5dc6d1017f76}</UniqueIdentifier>
    </Filter>
    <Filter Include="Resource Files\Shaders">
      <UniqueIdentifier>{d68bb8c2-629a-49db-bdb8-6885acf7b702}</UniqueIdentifier>
    </Filter>
    <Filter Include="Source Files\Game\Level">
      <UniqueIdentifier>{ce96484c-5f06-46b6-be79-1595a2869fce}</UniqueIdentifier>
    </Filter>
    <Filter Include="Header Files\Game\Level">
      <UniqueIdentifier>{8e195b1c-33b4-4164-a6f2-bac3999d28d9}</UniqueIdentifier>
    </Filter>
    <Filter Include="Header Files\Game\Creature">
      <UniqueIdentifier>{df2ad62f-c9bc-4832-9941-3f03fadd2766}</UniqueIdentifier>
    </Filter>
    <Filter Include="Source Files\Game\Creature">
      <UniqueIdentifier>{6fdba452-e8d5-48fa-83cd-fe128aa821bc}</UniqueIdentifier>
    </Filter>
  </ItemGroup>
  <ItemGroup>
    <ClCompile Include="src\Engine\ThempSystem.cpp">
      <Filter>Source Files\Engine</Filter>
    </ClCompile>
    <ClCompile Include="src\Engine\ThempResources.cpp">
      <Filter>Source Files\Engine</Filter>
    </ClCompile>
    <ClCompile Include="src\Engine\ThempMaterial.cpp">
      <Filter>Source Files\Engine</Filter>
    </ClCompile>
    <ClCompile Include="src\Engine\ThempD3D.cpp">
      <Filter>Source Files\Engine</Filter>
    </ClCompile>
    <ClCompile Include="src\Engine\ThempCamera.cpp">
      <Filter>Source Files\Engine</Filter>
    </ClCompile>
    <ClCompile Include="src\Engine\ThempObject3D.cpp">
      <Filter>Source Files\Engine</Filter>
    </ClCompile>
    <ClCompile Include="src\Engine\ThempMesh.cpp">
      <Filter>Source Files\Engine</Filter>
    </ClCompile>
    <ClCompile Include="src\Engine\ThempDebugDraw.cpp">
      <Filter>Source Files\Engine</Filter>
    </ClCompile>
    <ClCompile Include="src\Engine\ThempFunctions.cpp">
      <Filter>Source Files\Engine</Filter>
    </ClCompile>
    <ClCompile Include="src\Engine\ThempGUI.cpp">
      <Filter>Source Files\Engine</Filter>
    </ClCompile>
    <ClCompile Include="src\Engine\ThempRenderTexture.cpp">
      <Filter>Source Files\Engine</Filter>
    </ClCompile>
    <ClCompile Include="src\Library\imgui_draw.cpp">
      <Filter>Source Files\Library</Filter>
    </ClCompile>
    <ClCompile Include="src\Library\imgui_demo.cpp">
      <Filter>Source Files\Library</Filter>
    </ClCompile>
    <ClCompile Include="src\Library\imgui.cpp">
      <Filter>Source Files\Library</Filter>
    </ClCompile>
    <ClCompile Include="src\Game\ThempGame.cpp">
      <Filter>Source Files\Game</Filter>
    </ClCompile>
    <ClCompile Include="src\Engine\ThempVideo.cpp">
      <Filter>Source Files\Engine</Filter>
    </ClCompile>
    <ClCompile Include="src\Engine\ThempAudio.cpp">
      <Filter>Source Files\Engine</Filter>
    </ClCompile>
    <ClCompile Include="src\Game\ThempMainMenu.cpp">
      <Filter>Source Files\Game</Filter>
    </ClCompile>
    <ClCompile Include="src\Game\ThempObject2D.cpp">
      <Filter>Source Files\Game</Filter>
    </ClCompile>
    <ClCompile Include="src\Game\ThempFileManager.cpp">
      <Filter>Source Files\Game</Filter>
    </ClCompile>
    <ClCompile Include="src\Library\SmackerDecoder.cpp">
      <Filter>Source Files\Library</Filter>
    </ClCompile>
    <ClCompile Include="src\Library\BitStream.cpp">
      <Filter>Source Files\Library</Filter>
    </ClCompile>
    <ClCompile Include="src\Game\ThempGUIButton.cpp">
      <Filter>Source Files\Game</Filter>
    </ClCompile>
    <ClCompile Include="src\Game\ThempFont.cpp">
      <Filter>Source Files\Game</Filter>
    </ClCompile>
    <ClCompile Include="src\Game\ThempVoxelObject.cpp">
      <Filter>Source Files\Game</Filter>
    </ClCompile>
    <ClCompile Include="src\Library\micropather.cpp">
      <Filter>Source Files\Library</Filter>
    </ClCompile>
    <ClCompile Include="src\Game\ThempLevel.cpp">
      <Filter>Source Files\Game\Level</Filter>
    </ClCompile>
    <ClCompile Include="src\Game\ThempLevelData.cpp">
      <Filter>Source Files\Game\Level</Filter>
    </ClCompile>
    <ClCompile Include="src\Game\ThempCreature.cpp">
      <Filter>Source Files\Game\Creature</Filter>
    </ClCompile>
    <ClCompile Include="src\Game\ThempCreatureData.cpp">
      <Filter>Source Files\Game\Creature</Filter>
    </ClCompile>
    <ClCompile Include="src\Game\ThempCreatureTaskManager.cpp">
      <Filter>Source Files\Game\Creature</Filter>
    </ClCompile>
    <ClCompile Include="src\Game\ThempTileArrays.cpp">
      <Filter>Source Files\Game</Filter>
    </ClCompile>
    <ClCompile Include="src\Game\ThempLevelConfig.cpp">
      <Filter>Source Files\Game\Level</Filter>
    </ClCompile>
  </ItemGroup>
  <ItemGroup>
    <ClInclude Include="src\Engine\ThempSystem.h">
      <Filter>Header Files\Engine</Filter>
    </ClInclude>
    <ClInclude Include="src\Engine\ThempResources.h">
      <Filter>Header Files\Engine</Filter>
    </ClInclude>
    <ClInclude Include="src\Engine\ThempD3D.h">
      <Filter>Header Files\Engine</Filter>
    </ClInclude>
    <ClInclude Include="src\Engine\ThempCamera.h">
      <Filter>Header Files\Engine</Filter>
    </ClInclude>
    <ClInclude Include="src\Engine\ThempDebugDraw.h">
      <Filter>Header Files\Engine</Filter>
    </ClInclude>
    <ClInclude Include="src\Engine\ThempFunctions.h">
      <Filter>Header Files\Engine</Filter>
    </ClInclude>
    <ClInclude Include="src\Engine\ThempMaterial.h">
      <Filter>Header Files\Engine</Filter>
    </ClInclude>
    <ClInclude Include="src\Engine\ThempObject3D.h">
      <Filter>Header Files\Engine</Filter>
    </ClInclude>
    <ClInclude Include="src\Engine\ThempMesh.h">
      <Filter>Header Files\Engine</Filter>
    </ClInclude>
    <ClInclude Include="src\Engine\ThempRenderTexture.h">
      <Filter>Header Files\Engine</Filter>
    </ClInclude>
    <ClInclude Include="src\Engine\ThempGUI.h">
      <Filter>Header Files\Engine</Filter>
    </ClInclude>
    <ClInclude Include="src\Game\ThempGame.h">
      <Filter>Header Files\Game</Filter>
    </ClInclude>
    <ClInclude Include="src\Library\stb_truetype.h">
      <Filter>Header Files\Library</Filter>
    </ClInclude>
    <ClInclude Include="src\Library\stb_textedit.h">
      <Filter>Header Files\Library</Filter>
    </ClInclude>
    <ClInclude Include="src\Library\stb_rect_pack.h">
      <Filter>Header Files\Library</Filter>
    </ClInclude>
    <ClInclude Include="src\Library\imgui_internal.h">
      <Filter>Header Files\Library</Filter>
    </ClInclude>
    <ClInclude Include="src\Library\imgui.h">
      <Filter>Header Files\Library</Filter>
    </ClInclude>
    <ClInclude Include="src\Library\imconfig.h">
      <Filter>Header Files\Library</Filter>
    </ClInclude>
    <ClInclude Include="src\Engine\ThempVideo.h">
      <Filter>Header Files\Engine</Filter>
    </ClInclude>
    <ClInclude Include="src\Engine\ThempAudio.h">
      <Filter>Header Files\Engine</Filter>
    </ClInclude>
    <ClInclude Include="src\Game\ThempMainMenu.h">
      <Filter>Header Files\Game</Filter>
    </ClInclude>
    <ClInclude Include="src\Game\ThempObject2D.h">
      <Filter>Header Files\Game</Filter>
    </ClInclude>
    <ClInclude Include="src\Game\ThempFileManager.h">
      <Filter>Header Files\Game</Filter>
    </ClInclude>
    <ClInclude Include="src\Library\SmackerDecoder.h">
      <Filter>Header Files\Library</Filter>
    </ClInclude>
    <ClInclude Include="src\Library\BitStream.h">
      <Filter>Header Files\Library</Filter>
    </ClInclude>
    <ClInclude Include="src\Library\memstream.h">
      <Filter>Header Files\Library</Filter>
    </ClInclude>
    <ClInclude Include="src\Game\ThempGUIButton.h">
      <Filter>Header Files\Game</Filter>
    </ClInclude>
    <ClInclude Include="src\Game\ThempFont.h">
      <Filter>Header Files\Game</Filter>
    </ClInclude>
    <ClInclude Include="src\Game\ThempVoxelObject.h">
      <Filter>Header Files\Game</Filter>
    </ClInclude>
    <ClInclude Include="src\Game\ThempTileArrays.h">
      <Filter>Header Files\Game</Filter>
    </ClInclude>
    <ClInclude Include="src\Library\micropather.h">
      <Filter>Header Files\Library</Filter>
    </ClInclude>
    <ClInclude Include="src\Game\ThempLevel.h">
      <Filter>Header Files\Game\Level</Filter>
    </ClInclude>
    <ClInclude Include="src\Game\ThempLevelData.h">
      <Filter>Header Files\Game\Level</Filter>
    </ClInclude>
    <ClInclude Include="src\Game\ThempCreature.h">
      <Filter>Header Files\Game\Creature</Filter>
    </ClInclude>
    <ClInclude Include="src\Game\ThempCreatureData.h">
      <Filter>Header Files\Game\Creature</Filter>
    </ClInclude>
    <ClInclude Include="src\Game\ThempCreatureTaskManager.h">
      <Filter>Header Files\Game\Creature</Filter>
    </ClInclude>
    <ClInclude Include="src\Game\ThempLevelConfig.h">
      <Filter>Header Files\Game\Level</Filter>
    </ClInclude>
  </ItemGroup>
  <ItemGroup>
    <FxCompile Include="resources\shaders\default_ps.hlsl">
      <Filter>Resource Files\Shaders</Filter>
    </FxCompile>
    <FxCompile Include="resources\shaders\default_vs.hlsl">
      <Filter>Resource Files\Shaders</Filter>
    </FxCompile>
    <FxCompile Include="resources\shaders\screenspace_ps.hlsl">
      <Filter>Resource Files\Shaders</Filter>
    </FxCompile>
    <FxCompile Include="resources\shaders\screenspace_vs.hlsl">
      <Filter>Resource Files\Shaders</Filter>
    </FxCompile>
    <FxCompile Include="resources\shaders\functions.hlsl">
      <Filter>Resource Files\Shaders</Filter>
    </FxCompile>
    <FxCompile Include="resources\shaders\defines.hlsl">
      <Filter>Resource Files\Shaders</Filter>
    </FxCompile>
    <FxCompile Include="resources\shaders\debugline_vs.hlsl">
      <Filter>Resource Files\Shaders</Filter>
    </FxCompile>
    <FxCompile Include="resources\shaders\debugline_ps.hlsl">
      <Filter>Resource Files\Shaders</Filter>
    </FxCompile>
    <FxCompile Include="resources\shaders\gui_ps.hlsl">
      <Filter>Resource Files\Shaders</Filter>
    </FxCompile>
    <FxCompile Include="resources\shaders\gui_vs.hlsl">
      <Filter>Resource Files\Shaders</Filter>
    </FxCompile>
    <FxCompile Include="resources\shaders\structs.hlsl">
      <Filter>Resource Files\Shaders</Filter>
    </FxCompile>
    <FxCompile Include="resources\shaders\voxel_ps.hlsl">
      <Filter>Resource Files\Shaders</Filter>
    </FxCompile>
    <FxCompile Include="resources\shaders\voxel_vs.hlsl">
      <Filter>Resource Files\Shaders</Filter>
    </FxCompile>
    <FxCompile Include="resources\shaders\indicator_ps.hlsl">
      <Filter>Resource Files\Shaders</Filter>
    </FxCompile>
    <FxCompile Include="resources\shaders\indicator_vs.hlsl">
      <Filter>Resource Files\Shaders</Filter>
    </FxCompile>
    <FxCompile Include="resources\shaders\creature_vs.hlsl">
      <Filter>Resource Files\Shaders</Filter>
    </FxCompile>
    <FxCompile Include="resources\shaders\creature_ps.hlsl">
      <Filter>Resource Files\Shaders</Filter>
    </FxCompile>
  </ItemGroup>
</Project>